
Microsoft Visual Studio Solution File, Format Version 12.00
# Visual Studio Version 17
VisualStudioVersion = 17.7.34031.279
MinimumVisualStudioVersion = 10.0.40219.1
Project("{FAE04EC0-301F-11D3-BF4B-00C04F79EFBC}") = "TugasBesar", "TugasBesar\TugasBesar.csproj", "{E8B24A70-E438-4AE2-AB56-3C170DB79112}"
EndProject
Global
	GlobalSection(SolutionConfigurationPlatforms) = preSolution
		Debug|Any CPU = Debug|Any CPU
		Release|Any CPU = Release|Any CPU
	EndGlobalSection
	GlobalSection(ProjectConfigurationPlatforms) = postSolution
		{E8B24A70-E438-4AE2-AB56-3C170DB79112}.Debug|Any CPU.ActiveCfg = Debug|Any CPU
		{E8B24A70-E438-4AE2-AB56-3C170DB79112}.Debug|Any CPU.Build.0 = Debug|Any CPU
		{E8B24A70-E438-4AE2-AB56-3C170DB79112}.Release|Any CPU.ActiveCfg = Release|Any CPU
		{E8B24A70-E438-4AE2-AB56-3C170DB79112}.Release|Any CPU.Build.0 = Release|Any CPU
	EndGlobalSection
	GlobalSection(SolutionProperties) = preSolution
		HideSolutionNode = FALSE
	EndGlobalSection
	GlobalSection(ExtensibilityGlobals) = postSolution
		SolutionGuid = {4F7ECAA9-1908-47BF-9C89-FC9AE8D93A63}
	EndGlobalSection
EndGlobal
